
Microsoft Visual Studio Solution File, Format Version 12.00
# Visual Studio Version 16
VisualStudioVersion = 16.0.32630.194
MinimumVisualStudioVersion = 10.0.40219.1
Project("{FAE04EC0-301F-11D3-BF4B-00C04F79EFBC}") = "Wyckoff_Strategy", "Wyckoff_Strategy.csproj", "{58F47881-42FF-4B7A-9015-DFB873C2B7E7}"
EndProject
Global
	GlobalSection(SolutionConfigurationPlatforms) = preSolution
		Debug|Any CPU = Debug|Any CPU
		Release|Any CPU = Release|Any CPU
	EndGlobalSection
	GlobalSection(ProjectConfigurationPlatforms) = postSolution
		{58F47881-42FF-4B7A-9015-DFB873C2B7E7}.Debug|Any CPU.ActiveCfg = Debug|Any CPU
		{58F47881-42FF-4B7A-9015-DFB873C2B7E7}.Debug|Any CPU.Build.0 = Debug|Any CPU
		{58F47881-42FF-4B7A-9015-DFB873C2B7E7}.Release|Any CPU.ActiveCfg = Release|Any CPU
		{58F47881-42FF-4B7A-9015-DFB873C2B7E7}.Release|Any CPU.Build.0 = Release|Any CPU
	EndGlobalSection
	GlobalSection(SolutionProperties) = preSolution
		HideSolutionNode = FALSE
	EndGlobalSection
	GlobalSection(ExtensibilityGlobals) = postSolution
		SolutionGuid = {9BF8A6BC-0B77-474F-B2C5-8701E1293DF4}
	EndGlobalSection
EndGlobal
